
Microsoft Visual Studio Solution File, Format Version 12.00
# Visual Studio 15
Project("{FAE04EC0-301F-11D3-BF4B-00C04F79EFBC}") = "QFramework.CoreKit", "QFramework.CoreKit.csproj", "{B64C5A8B-F3F3-D932-B27A-555EEB92767B}"
EndProject
Project("{FAE04EC0-301F-11D3-BF4B-00C04F79EFBC}") = "Assembly-CSharp", "Assembly-CSharp.csproj", "{6322905A-62F4-5BAA-A613-FD22DEDB8884}"
EndProject
Project("{FAE04EC0-301F-11D3-BF4B-00C04F79EFBC}") = "UIKit", "UIKit.csproj", "{A8BE3BC0-C8CA-0719-971A-CF308473C921}"
EndProject
Project("{FAE04EC0-301F-11D3-BF4B-00C04F79EFBC}") = "ResKit", "ResKit.csproj", "{2368CF7D-CDAD-AA9F-A159-580C379C0CFA}"
EndProject
Project("{FAE04EC0-301F-11D3-BF4B-00C04F79EFBC}") = "Assembly-CSharp-firstpass", "Assembly-CSharp-firstpass.csproj", "{99CD8781-BD5D-CA6D-A304-1F4DAA222F82}"
EndProject
Project("{FAE04EC0-301F-11D3-BF4B-00C04F79EFBC}") = "RoslynCSharp.Examples", "RoslynCSharp.Examples.csproj", "{B1D68572-EE91-A88F-7A0A-51CF3017167E}"
EndProject
Project("{FAE04EC0-301F-11D3-BF4B-00C04F79EFBC}") = "AudioKit", "AudioKit.csproj", "{039591D1-AA9F-9BE9-1A72-4B73B0EEC5F7}"
EndProject
Project("{FAE04EC0-301F-11D3-BF4B-00C04F79EFBC}") = "RoslynCSharp.Compiler", "RoslynCSharp.Compiler.csproj", "{77132AD7-4D79-6483-F1E1-64D7BE9F668F}"
EndProject
Project("{FAE04EC0-301F-11D3-BF4B-00C04F79EFBC}") = "RoslynCSharp", "RoslynCSharp.csproj", "{C2DB3179-1716-3E79-F34A-78FD0437E3B6}"
EndProject
Project("{FAE04EC0-301F-11D3-BF4B-00C04F79EFBC}") = "QFramework", "QFramework.csproj", "{54D51721-8EDC-B08F-C1DF-F203D5355EFE}"
EndProject
Project("{FAE04EC0-301F-11D3-BF4B-00C04F79EFBC}") = "Sirenix.OdinInspector.CompatibilityLayer", "Sirenix.OdinInspector.CompatibilityLayer.csproj", "{F217135E-5B75-1A31-AA86-C9A25093DD7C}"
EndProject
Project("{FAE04EC0-301F-11D3-BF4B-00C04F79EFBC}") = "SupportOldQF", "SupportOldQF.csproj", "{0805D25D-8216-B59B-4D8C-2B145AAE3F0D}"
EndProject
Project("{FAE04EC0-301F-11D3-BF4B-00C04F79EFBC}") = "UIKit.Editor", "UIKit.Editor.csproj", "{6E1987A3-09BC-D877-9FD3-833B03B6E2CA}"
EndProject
Project("{FAE04EC0-301F-11D3-BF4B-00C04F79EFBC}") = "ResKit.Editor", "ResKit.Editor.csproj", "{1E271289-A223-699F-50B3-9731A3EFA1D5}"
EndProject
Project("{FAE04EC0-301F-11D3-BF4B-00C04F79EFBC}") = "Assembly-CSharp-Editor", "Assembly-CSharp-Editor.csproj", "{0BAF7702-E871-E856-DEF0-7EC483C8056F}"
EndProject
Project("{FAE04EC0-301F-11D3-BF4B-00C04F79EFBC}") = "RoslynCSharp.Editor", "RoslynCSharp.Editor.csproj", "{23A0C11D-2952-7EE4-A51E-0DE51394061B}"
EndProject
Project("{FAE04EC0-301F-11D3-BF4B-00C04F79EFBC}") = "Assembly-CSharp-Editor-firstpass", "Assembly-CSharp-Editor-firstpass.csproj", "{2A8FD6F0-CEF3-BC1C-3A01-CB309ABF9911}"
EndProject
Project("{FAE04EC0-301F-11D3-BF4B-00C04F79EFBC}") = "Sirenix.OdinInspector.CompatibilityLayer.Editor", "Sirenix.OdinInspector.CompatibilityLayer.Editor.csproj", "{84FAEAC8-3C68-67E3-8B18-9FB915F46DEA}"
EndProject
Global
	GlobalSection(SolutionConfigurationPlatforms) = preSolution
		Debug|Any CPU = Debug|Any CPU
		Release|Any CPU = Release|Any CPU
	EndGlobalSection
	GlobalSection(ProjectConfigurationPlatforms) = postSolution
		{B64C5A8B-F3F3-D932-B27A-555EEB92767B}.Debug|Any CPU.ActiveCfg = Debug|Any CPU
		{B64C5A8B-F3F3-D932-B27A-555EEB92767B}.Debug|Any CPU.Build.0 = Debug|Any CPU
		{B64C5A8B-F3F3-D932-B27A-555EEB92767B}.Release|Any CPU.ActiveCfg = Release|Any CPU
		{B64C5A8B-F3F3-D932-B27A-555EEB92767B}.Release|Any CPU.Build.0 = Release|Any CPU
		{6322905A-62F4-5BAA-A613-FD22DEDB8884}.Debug|Any CPU.ActiveCfg = Debug|Any CPU
		{6322905A-62F4-5BAA-A613-FD22DEDB8884}.Debug|Any CPU.Build.0 = Debug|Any CPU
		{6322905A-62F4-5BAA-A613-FD22DEDB8884}.Release|Any CPU.ActiveCfg = Release|Any CPU
		{6322905A-62F4-5BAA-A613-FD22DEDB8884}.Release|Any CPU.Build.0 = Release|Any CPU
		{A8BE3BC0-C8CA-0719-971A-CF308473C921}.Debug|Any CPU.ActiveCfg = Debug|Any CPU
		{A8BE3BC0-C8CA-0719-971A-CF308473C921}.Debug|Any CPU.Build.0 = Debug|Any CPU
		{A8BE3BC0-C8CA-0719-971A-CF308473C921}.Release|Any CPU.ActiveCfg = Release|Any CPU
		{A8BE3BC0-C8CA-0719-971A-CF308473C921}.Release|Any CPU.Build.0 = Release|Any CPU
		{2368CF7D-CDAD-AA9F-A159-580C379C0CFA}.Debug|Any CPU.ActiveCfg = Debug|Any CPU
		{2368CF7D-CDAD-AA9F-A159-580C379C0CFA}.Debug|Any CPU.Build.0 = Debug|Any CPU
		{2368CF7D-CDAD-AA9F-A159-580C379C0CFA}.Release|Any CPU.ActiveCfg = Release|Any CPU
		{2368CF7D-CDAD-AA9F-A159-580C379C0CFA}.Release|Any CPU.Build.0 = Release|Any CPU
		{99CD8781-BD5D-CA6D-A304-1F4DAA222F82}.Debug|Any CPU.ActiveCfg = Debug|Any CPU
		{99CD8781-BD5D-CA6D-A304-1F4DAA222F82}.Debug|Any CPU.Build.0 = Debug|Any CPU
		{99CD8781-BD5D-CA6D-A304-1F4DAA222F82}.Release|Any CPU.ActiveCfg = Release|Any CPU
		{99CD8781-BD5D-CA6D-A304-1F4DAA222F82}.Release|Any CPU.Build.0 = Release|Any CPU
		{B1D68572-EE91-A88F-7A0A-51CF3017167E}.Debug|Any CPU.ActiveCfg = Debug|Any CPU
		{B1D68572-EE91-A88F-7A0A-51CF3017167E}.Debug|Any CPU.Build.0 = Debug|Any CPU
		{B1D68572-EE91-A88F-7A0A-51CF3017167E}.Release|Any CPU.ActiveCfg = Release|Any CPU
		{B1D68572-EE91-A88F-7A0A-51CF3017167E}.Release|Any CPU.Build.0 = Release|Any CPU
		{039591D1-AA9F-9BE9-1A72-4B73B0EEC5F7}.Debug|Any CPU.ActiveCfg = Debug|Any CPU
		{039591D1-AA9F-9BE9-1A72-4B73B0EEC5F7}.Debug|Any CPU.Build.0 = Debug|Any CPU
		{039591D1-AA9F-9BE9-1A72-4B73B0EEC5F7}.Release|Any CPU.ActiveCfg = Release|Any CPU
		{039591D1-AA9F-9BE9-1A72-4B73B0EEC5F7}.Release|Any CPU.Build.0 = Release|Any CPU
		{77132AD7-4D79-6483-F1E1-64D7BE9F668F}.Debug|Any CPU.ActiveCfg = Debug|Any CPU
		{77132AD7-4D79-6483-F1E1-64D7BE9F668F}.Debug|Any CPU.Build.0 = Debug|Any CPU
		{77132AD7-4D79-6483-F1E1-64D7BE9F668F}.Release|Any CPU.ActiveCfg = Release|Any CPU
		{77132AD7-4D79-6483-F1E1-64D7BE9F668F}.Release|Any CPU.Build.0 = Release|Any CPU
		{C2DB3179-1716-3E79-F34A-78FD0437E3B6}.Debug|Any CPU.ActiveCfg = Debug|Any CPU
		{C2DB3179-1716-3E79-F34A-78FD0437E3B6}.Debug|Any CPU.Build.0 = Debug|Any CPU
		{C2DB3179-1716-3E79-F34A-78FD0437E3B6}.Release|Any CPU.ActiveCfg = Release|Any CPU
		{C2DB3179-1716-3E79-F34A-78FD0437E3B6}.Release|Any CPU.Build.0 = Release|Any CPU
		{54D51721-8EDC-B08F-C1DF-F203D5355EFE}.Debug|Any CPU.ActiveCfg = Debug|Any CPU
		{54D51721-8EDC-B08F-C1DF-F203D5355EFE}.Debug|Any CPU.Build.0 = Debug|Any CPU
		{54D51721-8EDC-B08F-C1DF-F203D5355EFE}.Release|Any CPU.ActiveCfg = Release|Any CPU
		{54D51721-8EDC-B08F-C1DF-F203D5355EFE}.Release|Any CPU.Build.0 = Release|Any CPU
		{F217135E-5B75-1A31-AA86-C9A25093DD7C}.Debug|Any CPU.ActiveCfg = Debug|Any CPU
		{F217135E-5B75-1A31-AA86-C9A25093DD7C}.Debug|Any CPU.Build.0 = Debug|Any CPU
		{F217135E-5B75-1A31-AA86-C9A25093DD7C}.Release|Any CPU.ActiveCfg = Release|Any CPU
		{F217135E-5B75-1A31-AA86-C9A25093DD7C}.Release|Any CPU.Build.0 = Release|Any CPU
		{0805D25D-8216-B59B-4D8C-2B145AAE3F0D}.Debug|Any CPU.ActiveCfg = Debug|Any CPU
		{0805D25D-8216-B59B-4D8C-2B145AAE3F0D}.Debug|Any CPU.Build.0 = Debug|Any CPU
		{0805D25D-8216-B59B-4D8C-2B145AAE3F0D}.Release|Any CPU.ActiveCfg = Release|Any CPU
		{0805D25D-8216-B59B-4D8C-2B145AAE3F0D}.Release|Any CPU.Build.0 = Release|Any CPU
		{6E1987A3-09BC-D877-9FD3-833B03B6E2CA}.Debug|Any CPU.ActiveCfg = Debug|Any CPU
		{6E1987A3-09BC-D877-9FD3-833B03B6E2CA}.Debug|Any CPU.Build.0 = Debug|Any CPU
		{6E1987A3-09BC-D877-9FD3-833B03B6E2CA}.Release|Any CPU.ActiveCfg = Release|Any CPU
		{6E1987A3-09BC-D877-9FD3-833B03B6E2CA}.Release|Any CPU.Build.0 = Release|Any CPU
		{1E271289-A223-699F-50B3-9731A3EFA1D5}.Debug|Any CPU.ActiveCfg = Debug|Any CPU
		{1E271289-A223-699F-50B3-9731A3EFA1D5}.Debug|Any CPU.Build.0 = Debug|Any CPU
		{1E271289-A223-699F-50B3-9731A3EFA1D5}.Release|Any CPU.ActiveCfg = Release|Any CPU
		{1E271289-A223-699F-50B3-9731A3EFA1D5}.Release|Any CPU.Build.0 = Release|Any CPU
		{0BAF7702-E871-E856-DEF0-7EC483C8056F}.Debug|Any CPU.ActiveCfg = Debug|Any CPU
		{0BAF7702-E871-E856-DEF0-7EC483C8056F}.Debug|Any CPU.Build.0 = Debug|Any CPU
		{0BAF7702-E871-E856-DEF0-7EC483C8056F}.Release|Any CPU.ActiveCfg = Release|Any CPU
		{0BAF7702-E871-E856-DEF0-7EC483C8056F}.Release|Any CPU.Build.0 = Release|Any CPU
		{23A0C11D-2952-7EE4-A51E-0DE51394061B}.Debug|Any CPU.ActiveCfg = Debug|Any CPU
		{23A0C11D-2952-7EE4-A51E-0DE51394061B}.Debug|Any CPU.Build.0 = Debug|Any CPU
		{23A0C11D-2952-7EE4-A51E-0DE51394061B}.Release|Any CPU.ActiveCfg = Release|Any CPU
		{23A0C11D-2952-7EE4-A51E-0DE51394061B}.Release|Any CPU.Build.0 = Release|Any CPU
		{2A8FD6F0-CEF3-BC1C-3A01-CB309ABF9911}.Debug|Any CPU.ActiveCfg = Debug|Any CPU
		{2A8FD6F0-CEF3-BC1C-3A01-CB309ABF9911}.Debug|Any CPU.Build.0 = Debug|Any CPU
		{2A8FD6F0-CEF3-BC1C-3A01-CB309ABF9911}.Release|Any CPU.ActiveCfg = Release|Any CPU
		{2A8FD6F0-CEF3-BC1C-3A01-CB309ABF9911}.Release|Any CPU.Build.0 = Release|Any CPU
		{84FAEAC8-3C68-67E3-8B18-9FB915F46DEA}.Debug|Any CPU.ActiveCfg = Debug|Any CPU
		{84FAEAC8-3C68-67E3-8B18-9FB915F46DEA}.Debug|Any CPU.Build.0 = Debug|Any CPU
		{84FAEAC8-3C68-67E3-8B18-9FB915F46DEA}.Release|Any CPU.ActiveCfg = Release|Any CPU
		{84FAEAC8-3C68-67E3-8B18-9FB915F46DEA}.Release|Any CPU.Build.0 = Release|Any CPU
	EndGlobalSection
	GlobalSection(SolutionProperties) = preSolution
		HideSolutionNode = FALSE
	EndGlobalSection
EndGlobal
